
Microsoft Visual Studio Solution File, Format Version 12.00
# Visual Studio Version 17
VisualStudioVersion = 17.7.34202.233
MinimumVisualStudioVersion = 10.0.40219.1
Project("{FAE04EC0-301F-11D3-BF4B-00C04F79EFBC}") = "kh2ServerApi", "kh2ServerApi\kh2ServerApi.csproj", "{D1B46E55-0D76-4783-B180-8AED7522D24B}"
EndProject
Global
	GlobalSection(SolutionConfigurationPlatforms) = preSolution
		Debug|Any CPU = Debug|Any CPU
		Release|Any CPU = Release|Any CPU
	EndGlobalSection
	GlobalSection(ProjectConfigurationPlatforms) = postSolution
		{D1B46E55-0D76-4783-B180-8AED7522D24B}.Debug|Any CPU.ActiveCfg = Debug|Any CPU
		{D1B46E55-0D76-4783-B180-8AED7522D24B}.Debug|Any CPU.Build.0 = Debug|Any CPU
		{D1B46E55-0D76-4783-B180-8AED7522D24B}.Release|Any CPU.ActiveCfg = Release|Any CPU
		{D1B46E55-0D76-4783-B180-8AED7522D24B}.Release|Any CPU.Build.0 = Release|Any CPU
	EndGlobalSection
	GlobalSection(SolutionProperties) = preSolution
		HideSolutionNode = FALSE
	EndGlobalSection
	GlobalSection(ExtensibilityGlobals) = postSolution
		SolutionGuid = {4B4376AA-7ECF-449B-A808-FD504263C4B7}
	EndGlobalSection
EndGlobal
